
Microsoft Visual Studio Solution File, Format Version 12.00
# Visual Studio Version 17
VisualStudioVersion = 17.4.33205.214
MinimumVisualStudioVersion = 10.0.40219.1
Project("{FAE04EC0-301F-11D3-BF4B-00C04F79EFBC}") = "NewImprovedApp", "NewImprovedApp\NewImprovedApp.csproj", "{EB68CBDC-0DD5-42E3-BA7C-3517124988CC}"
EndProject
Global
	GlobalSection(SolutionConfigurationPlatforms) = preSolution
		Debug|Any CPU = Debug|Any CPU
		Release|Any CPU = Release|Any CPU
	EndGlobalSection
	GlobalSection(ProjectConfigurationPlatforms) = postSolution
		{EB68CBDC-0DD5-42E3-BA7C-3517124988CC}.Debug|Any CPU.ActiveCfg = Debug|Any CPU
		{EB68CBDC-0DD5-42E3-BA7C-3517124988CC}.Debug|Any CPU.Build.0 = Debug|Any CPU
		{EB68CBDC-0DD5-42E3-BA7C-3517124988CC}.Debug|Any CPU.Deploy.0 = Debug|Any CPU
		{EB68CBDC-0DD5-42E3-BA7C-3517124988CC}.Release|Any CPU.ActiveCfg = Release|Any CPU
		{EB68CBDC-0DD5-42E3-BA7C-3517124988CC}.Release|Any CPU.Build.0 = Release|Any CPU
		{EB68CBDC-0DD5-42E3-BA7C-3517124988CC}.Release|Any CPU.Deploy.0 = Release|Any CPU
	EndGlobalSection
	GlobalSection(SolutionProperties) = preSolution
		HideSolutionNode = FALSE
	EndGlobalSection
	GlobalSection(ExtensibilityGlobals) = postSolution
		SolutionGuid = {8E0B1BF1-5508-4B13-8B30-F349B5DF8B59}
	EndGlobalSection
EndGlobal
